// !$*UTF8*$!
{
	archiveVersion = 1;
	classes = {
	};
	objectVersion = 48;
	objects = {

/* Begin PBXBuildFile section */
		A44FB90D2062CC4600CD7AAE /* AppDelegate.swift in Sources */ = {isa = PBXBuildFile; fileRef = A44FB90C2062CC4600CD7AAE /* AppDelegate.swift */; };
		A44FB90F2062CC4600CD7AAE /* ViewController.swift in Sources */ = {isa = PBXBuildFile; fileRef = A44FB90E2062CC4600CD7AAE /* ViewController.swift */; };
		A44FB9122062CC4600CD7AAE /* Main.storyboard in Resources */ = {isa = PBXBuildFile; fileRef = A44FB9102062CC4600CD7AAE /* Main.storyboard */; };
		A44FB9142062CC4600CD7AAE /* Assets.xcassets in Resources */ = {isa = PBXBuildFile; fileRef = A44FB9132062CC4600CD7AAE /* Assets.xcassets */; };
		A44FB9172062CC4600CD7AAE /* LaunchScreen.storyboard in Resources */ = {isa = PBXBuildFile; fileRef = A44FB9152062CC4600CD7AAE /* LaunchScreen.storyboard */; };
/* End PBXBuildFile section */

/* Begin PBXFileReference section */
		A44FB9092062CC4600CD7AAE /* intro-ios-workshop.app */ = {isa = PBXFileReference; explicitFileType = wrapper.application; includeInIndex = 0; path = "intro-ios-workshop.app"; sourceTree = BUILT_PRODUCTS_DIR; };
		A44FB90C2062CC4600CD7AAE /* AppDelegate.swift */ = {isa = PBXFileReference; lastKnownFileType = sourcecode.swift; path = AppDelegate.swift; sourceTree = "<group>"; };
		A44FB90E2062CC4600CD7AAE /* ViewController.swift */ = {isa = PBXFileReference; lastKnownFileType = sourcecode.swift; path = ViewController.swift; sourceTree = "<group>"; };
		A44FB9112062CC4600CD7AAE /* Base */ = {isa = PBXFileReference; lastKnownFileType = file.storyboard; name = Base; path = Base.lproj/Main.storyboard; sourceTree = "<group>"; };
		A44FB9132062CC4600CD7AAE /* Assets.xcassets */ = {isa = PBXFileReference; lastKnownFileType = folder.assetcatalog; path = Assets.xcassets; sourceTree = "<group>"; };
		A44FB9162062CC4600CD7AAE /* Base */ = {isa = PBXFileReference; lastKnownFileType = file.storyboard; name = Base; path = Base.lproj/LaunchScreen.storyboard; sourceTree = "<group>"; };
		A44FB9182062CC4600CD7AAE /* Info.plist */ = {isa = PBXFileReference; lastKnownFileType = text.plist.xml; path = Info.plist; sourceTree = "<group>"; };
/* End PBXFileReference section */

/* Begin PBXFrameworksBuildPhase section */
		A44FB9062062CC4600CD7AAE /* Frameworks */ = {
			isa = PBXFrameworksBuildPhase;
			buildActionMask = 2147483647;
			files = (
			);
			runOnlyForDeploymentPostprocessing = 0;
		};
/* End PBXFrameworksBuildPhase section */

/* Begin PBXGroup section */
		A44FB9002062CC4600CD7AAE = {
			isa = PBXGroup;
			children = (
				A44FB90B2062CC4600CD7AAE /* intro-ios-workshop */,
				A44FB90A2062CC4600CD7AAE /* Products */,
			);
			sourceTree = "<group>";
		};
		A44FB90A2062CC4600CD7AAE /* Products */ = {
			isa = PBXGroup;
			children = (
				A44FB9092062CC4600CD7AAE /* intro-ios-workshop.app */,
			);
			name = Products;
			sourceTree = "<group>";
		};
		A44FB90B2062CC4600CD7AAE /* intro-ios-workshop */ = {
			isa = PBXGroup;
			children = (
				A44FB90C2062CC4600CD7AAE /* AppDelegate.swift */,
				A44FB90E2062CC4600CD7AAE /* ViewController.swift */,
				A44FB9102062CC4600CD7AAE /* Main.storyboard */,
				A44FB9132062CC4600CD7AAE /* Assets.xcassets */,
				A44FB9152062CC4600CD7AAE /* LaunchScreen.storyboard */,
				A44FB9182062CC4600CD7AAE /* Info.plist */,
			);
			path = "intro-ios-workshop";
			sourceTree = "<group>";
		};
/* End PBXGroup section */

/* Begin PBXNativeTarget section */
		A44FB9082062CC4600CD7AAE /* intro-ios-workshop */ = {
			isa = PBXNativeTarget;
			buildConfigurationList = A44FB91B2062CC4600CD7AAE /* Build configuration list for PBXNativeTarget "intro-ios-workshop" */;
			buildPhases = (
				A44FB9052062CC4600CD7AAE /* Sources */,
				A44FB9062062CC4600CD7AAE /* Frameworks */,
				A44FB9072062CC4600CD7AAE /* Resources */,
			);
			buildRules = (
			);
			dependencies = (
			);
			name = "intro-ios-workshop";
			productName = "intro-ios-workshop";
			productReference = A44FB9092062CC4600CD7AAE /* intro-ios-workshop.app */;
			productType = "com.apple.product-type.application";
		};
/* End PBXNativeTarget section */

/* Begin PBXProject section */
		A44FB9012062CC4600CD7AAE /* Project object */ = {
			isa = PBXProject;
			attributes = {
				LastSwiftUpdateCheck = 0910;
				LastUpgradeCheck = 0910;
				ORGANIZATIONNAME = "Maya Saxena";
				TargetAttributes = {
					A44FB9082062CC4600CD7AAE = {
						CreatedOnToolsVersion = 9.1;
						ProvisioningStyle = Automatic;
					};
				};
			};
			buildConfigurationList = A44FB9042062CC4600CD7AAE /* Build configuration list for PBXProject "intro-ios-workshop" */;
			compatibilityVersion = "Xcode 8.0";
			developmentRegion = en;
			hasScannedForEncodings = 0;
			knownRegions = (
				en,
				Base,
			);
			mainGroup = A44FB9002062CC4600CD7AAE;
			productRefGroup = A44FB90A2062CC4600CD7AAE /* Products */;
			projectDirPath = "";
			projectRoot = "";
			targets = (
				A44FB9082062CC4600CD7AAE /* intro-ios-workshop */,
			);
		};
/* End PBXProject section */

/* Begin PBXResourcesBuildPhase section */
		A44FB9072062CC4600CD7AAE /* Resources */ = {
			isa = PBXResourcesBuildPhase;
			buildActionMask = 2147483647;
			files = (
				A44FB9172062CC4600CD7AAE /* LaunchScreen.storyboard in Resources */,
				A44FB9142062CC4600CD7AAE /* Assets.xcassets in Resources */,
				A44FB9122062CC4600CD7AAE /* Main.storyboard in Resources */,
			);
			runOnlyForDeploymentPostprocessing = 0;
		};
/* End PBXResourcesBuildPhase section */

/* Begin PBXSourcesBuildPhase section */
		A44FB9052062CC4600CD7AAE /* Sources */ = {
			isa = PBXSourcesBuildPhase;
			buildActionMask = 2147483647;
			files = (
				A44FB90F2062CC4600CD7AAE /* ViewController.swift in Sources */,
				A44FB90D2062CC4600CD7AAE /* AppDelegate.swift in Sources */,
			);
			runOnlyForDeploymentPostprocessing = 0;
		};
/* End PBXSourcesBuildPhase section */

/* Begin PBXVariantGroup section */
		A44FB9102062CC4600CD7AAE /* Main.storyboard */ = {
			isa = PBXVariantGroup;
			children = (
				A44FB9112062CC4600CD7AAE /* Base */,
			);
			name = Main.storyboard;
			sourceTree = "<group>";
		};
		A44FB9152062CC4600CD7AAE /* LaunchScreen.storyboard */ = {
			isa = PBXVariantGroup;
			children = (
				A44FB9162062CC4600CD7AAE /* Base */,
			);
			name = LaunchScreen.storyboard;
			sourceTree = "<group>";
		};
/* End PBXVariantGroup section */

/* Begin XCBuildConfiguration section */
		A44FB9192062CC4600CD7AAE /* Debug */ = {
			isa = XCBuildConfiguration;
			buildSettings = {
				ALWAYS_SEARCH_USER_PATHS = NO;
				CLANG_ANALYZER_NONNULL = YES;
				CLANG_ANALYZER_NUMBER_OBJECT_CONVERSION = YES_AGGRESSIVE;
				CLANG_CXX_LANGUAGE_STANDARD = "gnu++14";
				CLANG_CXX_LIBRARY = "libc++";
				CLANG_ENABLE_MODULES = YES;
				CLANG_ENABLE_OBJC_ARC = YES;
				CLANG_WARN_BLOCK_CAPTURE_AUTORELEASING = YES;
				CLANG_WARN_BOOL_CONVERSION = YES;
				CLANG_WARN_COMMA = YES;
				CLANG_WARN_CONSTANT_CONVERSION = YES;
				CLANG_WARN_DIRECT_OBJC_ISA_USAGE = YES_ERROR;
				CLANG_WARN_DOCUMENTATION_COMMENTS = YES;
				CLANG_WARN_EMPTY_BODY = YES;
				CLANG_WARN_ENUM_CONVERSION = YES;
				CLANG_WARN_INFINITE_RECURSION = YES;
				CLANG_WARN_INT_CONVERSION = YES;
				CLANG_WARN_NON_LITERAL_NULL_CONVERSION = YES;
				CLANG_WARN_OBJC_LITERAL_CONVERSION = YES;
				CLANG_WARN_OBJC_ROOT_CLASS = YES_ERROR;
				CLANG_WARN_RANGE_LOOP_ANALYSIS = YES;
				CLANG_WARN_STRICT_PROTOTYPES = YES;
				CLANG_WARN_SUSPICIOUS_MOVE = YES;
				CLANG_WARN_UNGUARDED_AVAILABILITY = YES_AGGRESSIVE;
				CLANG_WARN_UNREACHABLE_CODE = YES;
				CLANG_WARN__DUPLICATE_METHOD_MATCH = YES;
				CODE_SIGN_IDENTITY = "iPhone Developer";
				COPY_PHASE_STRIP = NO;
				DEBUG_INFORMATION_FORMAT = dwarf;
				ENABLE_STRICT_OBJC_MSGSEND = YES;
				ENABLE_TESTABILITY = YES;
				GCC_C_LANGUAGE_STANDARD = gnu11;
				GCC_DYNAMIC_NO_PIC = NO;
				GCC_NO_COMMON_BLOCKS = YES;
				GCC_OPTIMIZATION_LEVEL = 0;
				GCC_PREPROCESSOR_DEFINITIONS = (
					"DEBUG=1",
					"$(inherited)",
				);
				GCC_WARN_64_TO_32_BIT_CONVERSION = YES;
				GCC_WARN_ABOUT_RETURN_TYPE = YES_ERROR;
				GCC_WARN_UNDECLARED_SELECTOR = YES;
				GCC_WARN_UNINITIALIZED_AUTOS = YES_AGGRESSIVE;
				GCC_WARN_UNUSED_FUNCTION = YES;
				GCC_WARN_UNUSED_VARIABLE = YES;
				IPHONEOS_DEPLOYMENT_TARGET = 11.1;
				MTL_ENABLE_DEBUG_INFO = YES;
				ONLY_ACTIVE_ARCH = YES;
				SDKROOT = iphoneos;
				SWIFT_ACTIVE_COMPILATION_CONDITIONS = DEBUG;
				SWIFT_OPTIMIZATION_LEVEL = "-Onone";
			};
			name = Debug;
		};
		A44FB91A2062CC4600CD7AAE /* Release */ = {
			isa = XCBuildConfiguration;
			buildSettings = {
				ALWAYS_SEARCH_USER_PATHS = NO;
				CLANG_ANALYZER_NONNULL = YES;
				CLANG_ANALYZER_NUMBER_OBJECT_CONVERSION = YES_AGGRESSIVE;
				CLANG_CXX_LANGUAGE_STANDARD = "gnu++14";
				CLANG_CXX_LIBRARY = "libc++";
				CLANG_ENABLE_MODULES = YES;
				CLANG_ENABLE_OBJC_ARC = YES;
				CLANG_WARN_BLOCK_CAPTURE_AUTORELEASING = YES;
				CLANG_WARN_BOOL_CONVERSION = YES;
				CLANG_WARN_COMMA = YES;
				CLANG_WARN_CONSTANT_CONVERSION = YES;
				CLANG_WARN_DIRECT_OBJC_ISA_USAGE = YES_ERROR;
				CLANG_WARN_DOCUMENTATION_COMMENTS = YES;
				CLANG_WARN_EMPTY_BODY = YES;
				CLANG_WARN_ENUM_CONVERSION = YES;
				CLANG_WARN_INFINITE_RECURSION = YES;
				CLANG_WARN_INT_CONVERSION = YES;
				CLANG_WARN_NON_LITERAL_NULL_CONVERSION = YES;
				CLANG_WARN_OBJC_LITERAL_CONVERSION = YES;
				CLANG_WARN_OBJC_ROOT_CLASS = YES_ERROR;
				CLANG_WARN_RANGE_LOOP_ANALYSIS = YES;
				CLANG_WARN_STRICT_PROTOTYPES = YES;
				CLANG_WARN_SUSPICIOUS_MOVE = YES;
				CLANG_WARN_UNGUARDED_AVAILABILITY = YES_AGGRESSIVE;
				CLANG_WARN_UNREACHABLE_CODE = YES;
				CLANG_WARN__DUPLICATE_METHOD_MATCH = YES;
				CODE_SIGN_IDENTITY = "iPhone Developer";
				COPY_PHASE_STRIP = NO;
				DEBUG_INFORMATION_FORMAT = "dwarf-with-dsym";
				ENABLE_NS_ASSERTIONS = NO;
				ENABLE_STRICT_OBJC_MSGSEND = YES;
				GCC_C_LANGUAGE_STANDARD = gnu11;
				GCC_NO_COMMON_BLOCKS = YES;
				GCC_WARN_64_TO_32_BIT_CONVERSION = YES;
				GCC_WARN_ABOUT_RETURN_TYPE = YES_ERROR;
				GCC_WARN_UNDECLARED_SELECTOR = YES;
				GCC_WARN_UNINITIALIZED_AUTOS = YES_AGGRESSIVE;
				GCC_WARN_UNUSED_FUNCTION = YES;
				GCC_WARN_UNUSED_VARIABLE = YES;
				IPHONEOS_DEPLOYMENT_TARGET = 11.1;
				MTL_ENABLE_DEBUG_INFO = NO;
				SDKROOT = iphoneos;
				SWIFT_OPTIMIZATION_LEVEL = "-Owholemodule";
				VALIDATE_PRODUCT = YES;
			};
			name = Release;
		};
		A44FB91C2062CC4600CD7AAE /* Debug */ = {
			isa = XCBuildConfiguration;
			buildSettings = {
				ASSETCATALOG_COMPILER_APPICON_NAME = AppIcon;
				CODE_SIGN_STYLE = Automatic;
				DEVELOPMENT_TEAM = 58JV66W864;
				INFOPLIST_FILE = "intro-ios-workshop/Info.plist";
				LD_RUNPATH_SEARCH_PATHS = "$(inherited) @executable_path/Frameworks";
				PRODUCT_BUNDLE_IDENTIFIER = "com.mayasaxena.intro-ios-workshop";
				PRODUCT_NAME = "$(TARGET_NAME)";
				SWIFT_VERSION = 4.0;
				TARGETED_DEVICE_FAMILY = "1,2";
			};
			name = Debug;
		};
		A44FB91D2062CC4600CD7AAE /* Release */ = {
			isa = XCBuildConfiguration;
			buildSettings = {
				ASSETCATALOG_COMPILER_APPICON_NAME = AppIcon;
				CODE_SIGN_STYLE = Automatic;
				DEVELOPMENT_TEAM = 58JV66W864;
				INFOPLIST_FILE = "intro-ios-workshop/Info.plist";
				LD_RUNPATH_SEARCH_PATHS = "$(inherited) @executable_path/Frameworks";
				PRODUCT_BUNDLE_IDENTIFIER = "com.mayasaxena.intro-ios-workshop";
				PRODUCT_NAME = "$(TARGET_NAME)";
				SWIFT_VERSION = 4.0;
				TARGETED_DEVICE_FAMILY = "1,2";
			};
			name = Release;
		};
/* End XCBuildConfiguration section */

/* Begin XCConfigurationList section */
		A44FB9042062CC4600CD7AAE /* Build configuration list for PBXProject "intro-ios-workshop" */ = {
			isa = XCConfigurationList;
			buildConfigurations = (
				A44FB9192062CC4600CD7AAE /* Debug */,
				A44FB91A2062CC4600CD7AAE /* Release */,
			);
			defaultConfigurationIsVisible = 0;
			defaultConfigurationName = Release;
		};
		A44FB91B2062CC4600CD7AAE /* Build configuration list for PBXNativeTarget "intro-ios-workshop" */ = {
			isa = XCConfigurationList;
			buildConfigurations = (
				A44FB91C2062CC4600CD7AAE /* Debug */,
				A44FB91D2062CC4600CD7AAE /* Release */,
			);
			defaultConfigurationIsVisible = 0;
			defaultConfigurationName = Release;
		};
/* End XCConfigurationList section */
	};
	rootObject = A44FB9012062CC4600CD7AAE /* Project object */;
}
